
Microsoft Visual Studio Solution File, Format Version 12.00
# Visual Studio Version 16
VisualStudioVersion = 16.0.30517.126
MinimumVisualStudioVersion = 10.0.40219.1
Project("{FAE04EC0-301F-11D3-BF4B-00C04F79EFBC}") = "instagram-auto-unfollow", "instagram-auto-unfollow\instagram-auto-unfollow.csproj", "{D0F4A7E7-A8ED-4B17-9500-36320E1B308A}"
EndProject
Global
	GlobalSection(SolutionConfigurationPlatforms) = preSolution
		Debug|Any CPU = Debug|Any CPU
		Release|Any CPU = Release|Any CPU
	EndGlobalSection
	GlobalSection(ProjectConfigurationPlatforms) = postSolution
		{D0F4A7E7-A8ED-4B17-9500-36320E1B308A}.Debug|Any CPU.ActiveCfg = Debug|Any CPU
		{D0F4A7E7-A8ED-4B17-9500-36320E1B308A}.Debug|Any CPU.Build.0 = Debug|Any CPU
		{D0F4A7E7-A8ED-4B17-9500-36320E1B308A}.Release|Any CPU.ActiveCfg = Release|Any CPU
		{D0F4A7E7-A8ED-4B17-9500-36320E1B308A}.Release|Any CPU.Build.0 = Release|Any CPU
	EndGlobalSection
	GlobalSection(SolutionProperties) = preSolution
		HideSolutionNode = FALSE
	EndGlobalSection
	GlobalSection(ExtensibilityGlobals) = postSolution
		SolutionGuid = {A1CFE81F-33DD-4AEA-845F-18A1C77EB537}
	EndGlobalSection
EndGlobal
